
Microsoft Visual Studio Solution File, Format Version 12.00
# Visual Studio 15
VisualStudioVersion = 15.0.26403.3
MinimumVisualStudioVersion = 10.0.40219.1
Project("{FAE04EC0-301F-11D3-BF4B-00C04F79EFBC}") = "Lexel", "ExcelImport\Lexel.csproj", "{C61AAAD0-0A44-423C-A740-6B4C4F73831E}"
EndProject
Project("{54435603-DBB4-11D2-8724-00A0C9A8B90C}") = "Lexel_Setup", "Lexel_Setup\Lexel_Setup.vdproj", "{DEE6034D-9066-45CC-A3E3-E499A5B9541F}"
EndProject
Global
	GlobalSection(SolutionConfigurationPlatforms) = preSolution
		Debug|Any CPU = Debug|Any CPU
		Release|Any CPU = Release|Any CPU
	EndGlobalSection
	GlobalSection(ProjectConfigurationPlatforms) = postSolution
		{C61AAAD0-0A44-423C-A740-6B4C4F73831E}.Debug|Any CPU.ActiveCfg = Debug|Any CPU
		{C61AAAD0-0A44-423C-A740-6B4C4F73831E}.Debug|Any CPU.Build.0 = Debug|Any CPU
		{C61AAAD0-0A44-423C-A740-6B4C4F73831E}.Release|Any CPU.ActiveCfg = Release|Any CPU
		{C61AAAD0-0A44-423C-A740-6B4C4F73831E}.Release|Any CPU.Build.0 = Release|Any CPU
		{DEE6034D-9066-45CC-A3E3-E499A5B9541F}.Debug|Any CPU.ActiveCfg = Debug
		{DEE6034D-9066-45CC-A3E3-E499A5B9541F}.Release|Any CPU.ActiveCfg = Release
	EndGlobalSection
	GlobalSection(SolutionProperties) = preSolution
		HideSolutionNode = FALSE
	EndGlobalSection
EndGlobal
